
Microsoft Visual Studio Solution File, Format Version 12.00
# Visual Studio Version 17
VisualStudioVersion = 17.9.34902.65
MinimumVisualStudioVersion = 10.0.40219.1
Project("{FAE04EC0-301F-11D3-BF4B-00C04F79EFBC}") = "1", "1.csproj", "{EE1DF851-C50D-4135-A105-49413EA256F5}"
EndProject
Global
	GlobalSection(SolutionConfigurationPlatforms) = preSolution
		Debug|Any CPU = Debug|Any CPU
		Release|Any CPU = Release|Any CPU
	EndGlobalSection
	GlobalSection(ProjectConfigurationPlatforms) = postSolution
		{EE1DF851-C50D-4135-A105-49413EA256F5}.Debug|Any CPU.ActiveCfg = Debug|Any CPU
		{EE1DF851-C50D-4135-A105-49413EA256F5}.Debug|Any CPU.Build.0 = Debug|Any CPU
		{EE1DF851-C50D-4135-A105-49413EA256F5}.Release|Any CPU.ActiveCfg = Release|Any CPU
		{EE1DF851-C50D-4135-A105-49413EA256F5}.Release|Any CPU.Build.0 = Release|Any CPU
	EndGlobalSection
	GlobalSection(SolutionProperties) = preSolution
		HideSolutionNode = FALSE
	EndGlobalSection
	GlobalSection(ExtensibilityGlobals) = postSolution
		SolutionGuid = {FB6EA6D9-506C-4C3A-B8E1-CA86C636ECB4}
	EndGlobalSection
EndGlobal
